<?xml version="1.0" encoding="utf-8"?>
<Project ToolsVersion="4.0" xmlns="http://schemas.microsoft.com/developer/msbuild/2003">
  <ItemGroup>
    <Filter Include="Source Files">
      <UniqueIdentifier>{4FC737F1-C7A5-4376-A066-2A32D752A2FF}</UniqueIdentifier>
      <Extensions>cpp;c;cc;cxx;def;odl;idl;hpj;bat;asm;asmx</Extensions>
    </Filter>
    <Filter Include="Header Files">
      <UniqueIdentifier>{93995380-89BD-4b04-88EB-625FBE52EBFB}</UniqueIdentifier>
      <Extensions>h;hpp;hxx;hm;inl;inc;xsd</Extensions>
    </Filter>
    <Filter Include="Resource Files">
      <UniqueIdentifier>{67DA6AB6-F800-4c08-8B7A-83BB121AAD01}</UniqueIdentifier>
      <Extensions>rc;ico;cur;bmp;dlg;rc2;rct;bin;rgs;gif;jpg;jpeg;jpe;resx;tiff;tif;png;wav;mfcribbon-ms</Extensions>
    </Filter>
    <Filter Include="Header Files\ap_invoke">
      <UniqueIdentifier>{6491517d-2456-4e44-b87a-7e53cd2ed0f4}</UniqueIdentifier>
    </Filter>
    <Filter Include="Source Files\ap_invoke">
      <UniqueIdentifier>{8b51ee2d-70dc-4e10-b910-62e9e16288d5}</UniqueIdentifier>
    </Filter>
    <Filter Include="Header Files\entity">
      <UniqueIdentifier>{39839de2-a01a-4ae7-95e2-020db2308ed0}</UniqueIdentifier>
    </Filter>
    <Filter Include="Source Files\entity">
      <UniqueIdentifier>{a903e8f3-bbdd-450a-b72d-9255e2f4bb8c}</UniqueIdentifier>
    </Filter>
  </ItemGroup>
  <ItemGroup>
    <ClCompile Include="TradeStationMain.cpp">
      <Filter>Source Files</Filter>
    </ClCompile>
    <ClCompile Include="ap_invoke\apsessionmanager.cpp">
      <Filter>Source Files\ap_invoke</Filter>
    </ClCompile>
    <ClCompile Include="ap_invoke\server.cpp">
      <Filter>Source Files\ap_invoke</Filter>
    </ClCompile>
    <ClCompile Include="Portfolio.cpp">
      <Filter>Source Files</Filter>
    </ClCompile>
    <ClCompile Include="QuoteAgent.cpp">
      <Filter>Source Files</Filter>
    </ClCompile>
    <ClCompile Include="TradeAgent.cpp">
      <Filter>Source Files</Filter>
    </ClCompile>
    <ClCompile Include="LogManager.cpp">
      <Filter>Source Files</Filter>
    </ClCompile>
    <ClCompile Include="Configuration.cpp">
      <Filter>Source Files</Filter>
    </ClCompile>
    <ClCompile Include="ClientAgent.cpp">
      <Filter>Source Files</Filter>
    </ClCompile>
    <ClCompile Include="ClientManager.cpp">
      <Filter>Source Files</Filter>
    </ClCompile>
    <ClCompile Include="entity\enum.pb.cc">
      <Filter>Source Files\entity</Filter>
    </ClCompile>
    <ClCompile Include="entity\message.pb.cc">
      <Filter>Source Files\entity</Filter>
    </ClCompile>
    <ClCompile Include="entity\packet.pb.cc">
      <Filter>Source Files\entity</Filter>
    </ClCompile>
    <ClCompile Include="entity\quote.pb.cc">
      <Filter>Source Files\entity</Filter>
    </ClCompile>
    <ClCompile Include="entity\trade.pb.cc">
      <Filter>Source Files\entity</Filter>
    </ClCompile>
    <ClCompile Include="charsetconvert.cpp">
      <Filter>Source Files</Filter>
    </ClCompile>
    <ClCompile Include="OrderProcessor2.cpp">
      <Filter>Source Files</Filter>
    </ClCompile>
    <ClCompile Include="PortfolioOrderHelper.cpp">
      <Filter>Source Files</Filter>
    </ClCompile>
    <ClCompile Include="ArbitrageStrategy.cpp">
      <Filter>Source Files</Filter>
    </ClCompile>
    <ClCompile Include="ChangePositionStrategy.cpp">
      <Filter>Source Files</Filter>
    </ClCompile>
    <ClCompile Include="ScalperStrategy.cpp">
      <Filter>Source Files</Filter>
    </ClCompile>
    <ClCompile Include="StrategyFactory.cpp">
      <Filter>Source Files</Filter>
    </ClCompile>
    <ClCompile Include="SymbolInfo.cpp">
      <Filter>Source Files</Filter>
    </ClCompile>
    <ClCompile Include="SymbolInfoRepositry.cpp">
      <Filter>Source Files</Filter>
    </ClCompile>
    <ClCompile Include="orderhelper.cpp">
      <Filter>Source Files</Filter>
    </ClCompile>
    <ClCompile Include="Strategy.cpp">
      <Filter>Source Files</Filter>
    </ClCompile>
    <ClCompile Include="FileOperations.cpp">
      <Filter>Source Files</Filter>
    </ClCompile>
    <ClCompile Include="ClientMessagePump.cpp">
      <Filter>Source Files</Filter>
    </ClCompile>
    <ClCompile Include="QuoteFetcher.cpp">
      <Filter>Source Files</Filter>
    </ClCompile>
    <ClCompile Include="QuoteStore.cpp">
      <Filter>Source Files</Filter>
    </ClCompile>
    <ClCompile Include="QuoteRepositry.cpp">
      <Filter>Source Files</Filter>
    </ClCompile>
    <ClCompile Include="PortfolioManager.cpp">
      <Filter>Source Files</Filter>
    </ClCompile>
    <ClCompile Include="PortfolioOrderPlacer.cpp">
      <Filter>Source Files</Filter>
    </ClCompile>
    <ClCompile Include="PortfolioScalperOrderPlacer.cpp">
      <Filter>Source Files</Filter>
    </ClCompile>
    <ClCompile Include="InputOrder.cpp">
      <Filter>Source Files</Filter>
    </ClCompile>
    <ClCompile Include="ScalperStrategy2.cpp">
      <Filter>Source Files</Filter>
    </ClCompile>
    <ClCompile Include="LegOrderPlacer.cpp">
      <Filter>Source Files</Filter>
    </ClCompile>
    <ClCompile Include="AsyncOrderPendingTimer.cpp">
      <Filter>Source Files</Filter>
    </ClCompile>
    <ClCompile Include="FakeDealer.cpp">
      <Filter>Source Files</Filter>
    </ClCompile>
    <ClCompile Include="TradeStationDaemon.cpp">
      <Filter>Source Files</Filter>
    </ClCompile>
  </ItemGroup>
  <ItemGroup>
    <ClInclude Include="ap_invoke\apsessionmanager.h">
      <Filter>Header Files\ap_invoke</Filter>
    </ClInclude>
    <ClInclude Include="ap_invoke\connection.h">
      <Filter>Header Files\ap_invoke</Filter>
    </ClInclude>
    <ClInclude Include="ap_invoke\msgtype.h">
      <Filter>Header Files\ap_invoke</Filter>
    </ClInclude>
    <ClInclude Include="ap_invoke\session.h">
      <Filter>Header Files\ap_invoke</Filter>
    </ClInclude>
    <ClInclude Include="ap_invoke\server.h">
      <Filter>Header Files\ap_invoke</Filter>
    </ClInclude>
    <ClInclude Include="Portfolio.h">
      <Filter>Header Files</Filter>
    </ClInclude>
    <ClInclude Include="QuoteAgent.h">
      <Filter>Header Files</Filter>
    </ClInclude>
    <ClInclude Include="QuoteAgentCallback.h">
      <Filter>Header Files</Filter>
    </ClInclude>
    <ClInclude Include="TradeAgentCallback.h">
      <Filter>Header Files</Filter>
    </ClInclude>
    <ClInclude Include="TradeAgent.h">
      <Filter>Header Files</Filter>
    </ClInclude>
    <ClInclude Include="LogManager.h">
      <Filter>Header Files</Filter>
    </ClInclude>
    <ClInclude Include="LogSeverityLevel.h">
      <Filter>Header Files</Filter>
    </ClInclude>
    <ClInclude Include="Configuration.h">
      <Filter>Header Files</Filter>
    </ClInclude>
    <ClInclude Include="globalmembers.h">
      <Filter>Header Files</Filter>
    </ClInclude>
    <ClInclude Include="ClientAgent.h">
      <Filter>Header Files</Filter>
    </ClInclude>
    <ClInclude Include="ClientManager.h">
      <Filter>Header Files</Filter>
    </ClInclude>
    <ClInclude Include="entity\enum.pb.h">
      <Filter>Header Files\entity</Filter>
    </ClInclude>
    <ClInclude Include="entity\message.pb.h">
      <Filter>Header Files\entity</Filter>
    </ClInclude>
    <ClInclude Include="entity\packet.pb.h">
      <Filter>Header Files\entity</Filter>
    </ClInclude>
    <ClInclude Include="entity\trade.pb.h">
      <Filter>Header Files\entity</Filter>
    </ClInclude>
    <ClInclude Include="entity\quote.pb.h">
      <Filter>Header Files\entity</Filter>
    </ClInclude>
    <ClInclude Include="charsetconvert.h">
      <Filter>Header Files</Filter>
    </ClInclude>
    <ClInclude Include="OrderProcessor2.h">
      <Filter>Header Files</Filter>
    </ClInclude>
    <ClInclude Include="PortfolioOrderHelper.h">
      <Filter>Header Files</Filter>
    </ClInclude>
    <ClInclude Include="ArbitrageStrategy.h">
      <Filter>Header Files</Filter>
    </ClInclude>
    <ClInclude Include="BufferRunner.h">
      <Filter>Header Files</Filter>
    </ClInclude>
    <ClInclude Include="ChangePositionStrategy.h">
      <Filter>Header Files</Filter>
    </ClInclude>
    <ClInclude Include="DiffStrategy.h">
      <Filter>Header Files</Filter>
    </ClInclude>
    <ClInclude Include="ScalperStrategy.h">
      <Filter>Header Files</Filter>
    </ClInclude>
    <ClInclude Include="StrategyFactory.h">
      <Filter>Header Files</Filter>
    </ClInclude>
    <ClInclude Include="SymbolInfo.h">
      <Filter>Header Files</Filter>
    </ClInclude>
    <ClInclude Include="SymbolInfoRepositry.h">
      <Filter>Header Files</Filter>
    </ClInclude>
    <ClInclude Include="multilegorderptr.h">
      <Filter>Header Files</Filter>
    </ClInclude>
    <ClInclude Include="orderhelper.h">
      <Filter>Header Files</Filter>
    </ClInclude>
    <ClInclude Include="Strategy.h">
      <Filter>Header Files</Filter>
    </ClInclude>
    <ClInclude Include="SyncRequest.h">
      <Filter>Header Files</Filter>
    </ClInclude>
    <ClInclude Include="FileOperations.h">
      <Filter>Header Files</Filter>
    </ClInclude>
    <ClInclude Include="resource.h">
      <Filter>Header Files</Filter>
    </ClInclude>
    <ClInclude Include="ClientMessagePump.h">
      <Filter>Header Files</Filter>
    </ClInclude>
    <ClInclude Include="QuoteFetcher.h">
      <Filter>Header Files</Filter>
    </ClInclude>
    <ClInclude Include="QuoteStore.h">
      <Filter>Header Files</Filter>
    </ClInclude>
    <ClInclude Include="QuoteRepositry.h">
      <Filter>Header Files</Filter>
    </ClInclude>
    <ClInclude Include="PortfolioManager.h">
      <Filter>Header Files</Filter>
    </ClInclude>
    <ClInclude Include="PortfolioOrderPlacer.h">
      <Filter>Header Files</Filter>
    </ClInclude>
    <ClInclude Include="PortfolioScalperOrderPlacer.h">
      <Filter>Header Files</Filter>
    </ClInclude>
    <ClInclude Include="BuildOrderException.h">
      <Filter>Header Files</Filter>
    </ClInclude>
    <ClInclude Include="InputOrder.h">
      <Filter>Header Files</Filter>
    </ClInclude>
    <ClInclude Include="OrderEvent.h">
      <Filter>Header Files</Filter>
    </ClInclude>
    <ClInclude Include="ScalperStrategy2.h">
      <Filter>Header Files</Filter>
    </ClInclude>
    <ClInclude Include="LegOrderPlacer.h">
      <Filter>Header Files</Filter>
    </ClInclude>
    <ClInclude Include="AsyncOrderPendingTimer.h">
      <Filter>Header Files</Filter>
    </ClInclude>
    <ClInclude Include="FakeDealer.h">
      <Filter>Header Files</Filter>
    </ClInclude>
  </ItemGroup>
  <ItemGroup>
    <None Include="log4cpp.property" />
    <None Include="Makefile" />
    <None Include="extract.bat" />
  </ItemGroup>
  <ItemGroup>
    <ResourceCompile Include="FastTradeStation.rc">
      <Filter>Resource Files</Filter>
    </ResourceCompile>
  </ItemGroup>
</Project>