<?xml version="1.0" encoding="utf-8"?>
<Project ToolsVersion="4.0" xmlns="http://schemas.microsoft.com/developer/msbuild/2003">
  <ItemGroup>
    <Filter Include="Source Files">
      <UniqueIdentifier>{4FC737F1-C7A5-4376-A066-2A32D752A2FF}</UniqueIdentifier>
      <Extensions>cpp;c;cc;cxx;def;odl;idl;hpj;bat;asm;asmx</Extensions>
    </Filter>
    <Filter Include="Header Files">
      <UniqueIdentifier>{93995380-89BD-4b04-88EB-625FBE52EBFB}</UniqueIdentifier>
      <Extensions>h;hpp;hxx;hm;inl;inc;xsd</Extensions>
    </Filter>
    <Filter Include="Resource Files">
      <UniqueIdentifier>{67DA6AB6-F800-4c08-8B7A-83BB121AAD01}</UniqueIdentifier>
      <Extensions>rc;ico;cur;bmp;dlg;rc2;rct;bin;rgs;gif;jpg;jpeg;jpe;resx;tiff;tif;png;wav;mfcribbon-ms</Extensions>
    </Filter>
    <Filter Include="proto">
      <UniqueIdentifier>{fb9b24ee-6e0c-4a7d-aa1e-2f18e27e86bc}</UniqueIdentifier>
    </Filter>
  </ItemGroup>
  <ItemGroup>
    <None Include="ReadMe.txt" />
    <None Include="..\Entity\enum.proto">
      <Filter>proto</Filter>
    </None>
    <None Include="..\Entity\message.proto">
      <Filter>proto</Filter>
    </None>
    <None Include="..\Entity\proto_gen.bat">
      <Filter>proto</Filter>
    </None>
    <None Include="..\Entity\quote.proto">
      <Filter>proto</Filter>
    </None>
    <None Include="..\Entity\trade.proto">
      <Filter>proto</Filter>
    </None>
  </ItemGroup>
  <ItemGroup>
    <ClInclude Include="stdafx.h">
      <Filter>Header Files</Filter>
    </ClInclude>
    <ClInclude Include="targetver.h">
      <Filter>Header Files</Filter>
    </ClInclude>
    <ClInclude Include="ClientAgent.h">
      <Filter>Header Files</Filter>
    </ClInclude>
    <ClInclude Include="ClientManager.h">
      <Filter>Header Files</Filter>
    </ClInclude>
    <ClInclude Include="PortfolioManager.h">
      <Filter>Header Files</Filter>
    </ClInclude>
    <ClInclude Include="OrderProcessor.h">
      <Filter>Header Files</Filter>
    </ClInclude>
    <ClInclude Include="TradeAgent.h">
      <Filter>Header Files</Filter>
    </ClInclude>
    <ClInclude Include="QuoteAgent.h">
      <Filter>Header Files</Filter>
    </ClInclude>
    <ClInclude Include="ManualOrderPlacer.h">
      <Filter>Header Files</Filter>
    </ClInclude>
    <ClInclude Include="Portfolio.h">
      <Filter>Header Files</Filter>
    </ClInclude>
    <ClInclude Include="..\Entity\gen\cpp\message.pb.h">
      <Filter>Header Files</Filter>
    </ClInclude>
    <ClInclude Include="..\Entity\gen\cpp\enum.pb.h">
      <Filter>Header Files</Filter>
    </ClInclude>
    <ClInclude Include="QuoteListener.h">
      <Filter>Header Files</Filter>
    </ClInclude>
    <ClInclude Include="QuoteAggregator.h">
      <Filter>Header Files</Filter>
    </ClInclude>
    <ClInclude Include="..\Entity\gen\cpp\quote.pb.h">
      <Filter>Header Files</Filter>
    </ClInclude>
    <ClInclude Include="QuoteAgentCallback.h">
      <Filter>Header Files</Filter>
    </ClInclude>
    <ClInclude Include="LogManager.h">
      <Filter>Header Files</Filter>
    </ClInclude>
    <ClInclude Include="LogSeverityLevel.h">
      <Filter>Header Files</Filter>
    </ClInclude>
    <ClInclude Include="globalmembers.h">
      <Filter>Header Files</Filter>
    </ClInclude>
    <ClInclude Include="Configuration.h">
      <Filter>Header Files</Filter>
    </ClInclude>
    <ClInclude Include="resource.h">
      <Filter>Header Files</Filter>
    </ClInclude>
    <ClInclude Include="FileOperations.h">
      <Filter>Header Files</Filter>
    </ClInclude>
    <ClInclude Include="TradeAgentCallback.h">
      <Filter>Header Files</Filter>
    </ClInclude>
    <ClInclude Include="BufferRunner.h">
      <Filter>Header Files</Filter>
    </ClInclude>
    <ClInclude Include="..\Entity\gen\cpp\trade.pb.h">
      <Filter>Header Files</Filter>
    </ClInclude>
    <ClInclude Include="PortfolioOrderHelper.h">
      <Filter>Header Files</Filter>
    </ClInclude>
    <ClInclude Include="charsetconvert.h">
      <Filter>Header Files</Filter>
    </ClInclude>
    <ClInclude Include="Strategy.h">
      <Filter>Header Files</Filter>
    </ClInclude>
    <ClInclude Include="ArbitrageStrategy.h">
      <Filter>Header Files</Filter>
    </ClInclude>
    <ClInclude Include="StrategyFactory.h">
      <Filter>Header Files</Filter>
    </ClInclude>
    <ClInclude Include="DiffStrategy.h">
      <Filter>Header Files</Filter>
    </ClInclude>
    <ClInclude Include="ChangePositionStrategy.h">
      <Filter>Header Files</Filter>
    </ClInclude>
    <ClInclude Include="multilegorderptr.h">
      <Filter>Header Files</Filter>
    </ClInclude>
    <ClInclude Include="SequenceOrderSender.h">
      <Filter>Header Files</Filter>
    </ClInclude>
    <ClInclude Include="OrderResubmitter.h">
      <Filter>Header Files</Filter>
    </ClInclude>
    <ClInclude Include="SyncRequest.h">
      <Filter>Header Files</Filter>
    </ClInclude>
  </ItemGroup>
  <ItemGroup>
    <ClCompile Include="stdafx.cpp">
      <Filter>Source Files</Filter>
    </ClCompile>
    <ClCompile Include="TradeStation.cpp">
      <Filter>Source Files</Filter>
    </ClCompile>
    <ClCompile Include="ClientAgent.cpp">
      <Filter>Source Files</Filter>
    </ClCompile>
    <ClCompile Include="ClientManager.cpp">
      <Filter>Source Files</Filter>
    </ClCompile>
    <ClCompile Include="PortfolioManager.cpp">
      <Filter>Source Files</Filter>
    </ClCompile>
    <ClCompile Include="OrderProcessor.cpp">
      <Filter>Source Files</Filter>
    </ClCompile>
    <ClCompile Include="TradeAgent.cpp">
      <Filter>Source Files</Filter>
    </ClCompile>
    <ClCompile Include="QuoteAgent.cpp">
      <Filter>Source Files</Filter>
    </ClCompile>
    <ClCompile Include="ManualOrderPlacer.cpp">
      <Filter>Source Files</Filter>
    </ClCompile>
    <ClCompile Include="Portfolio.cpp">
      <Filter>Source Files</Filter>
    </ClCompile>
    <ClCompile Include="..\Entity\gen\cpp\message.pb.cc">
      <Filter>Source Files</Filter>
    </ClCompile>
    <ClCompile Include="..\Entity\gen\cpp\enum.pb.cc">
      <Filter>Source Files</Filter>
    </ClCompile>
    <ClCompile Include="QuoteListener.cpp">
      <Filter>Source Files</Filter>
    </ClCompile>
    <ClCompile Include="QuoteAggregator.cpp">
      <Filter>Source Files</Filter>
    </ClCompile>
    <ClCompile Include="..\Entity\gen\cpp\quote.pb.cc">
      <Filter>Source Files</Filter>
    </ClCompile>
    <ClCompile Include="LogManager.cpp">
      <Filter>Source Files</Filter>
    </ClCompile>
    <ClCompile Include="Configuration.cpp">
      <Filter>Source Files</Filter>
    </ClCompile>
    <ClCompile Include="FileOperations.cpp">
      <Filter>Source Files</Filter>
    </ClCompile>
    <ClCompile Include="..\Entity\gen\cpp\trade.pb.cc">
      <Filter>Source Files</Filter>
    </ClCompile>
    <ClCompile Include="PortfolioOrderHelper.cpp">
      <Filter>Source Files</Filter>
    </ClCompile>
    <ClCompile Include="charsetconvert.cpp">
      <Filter>Source Files</Filter>
    </ClCompile>
    <ClCompile Include="ArbitrageStrategy.cpp">
      <Filter>Source Files</Filter>
    </ClCompile>
    <ClCompile Include="StrategyFactory.cpp">
      <Filter>Source Files</Filter>
    </ClCompile>
    <ClCompile Include="Strategy.cpp">
      <Filter>Source Files</Filter>
    </ClCompile>
    <ClCompile Include="ChangePositionStrategy.cpp">
      <Filter>Source Files</Filter>
    </ClCompile>
    <ClCompile Include="SequenceOrderSender.cpp">
      <Filter>Source Files</Filter>
    </ClCompile>
    <ClCompile Include="OrderResubmitter.cpp">
      <Filter>Source Files</Filter>
    </ClCompile>
    <ClCompile Include="SyncRequest.cpp">
      <Filter>Source Files</Filter>
    </ClCompile>
  </ItemGroup>
  <ItemGroup>
    <ResourceCompile Include="TradeStation.rc">
      <Filter>Resource Files</Filter>
    </ResourceCompile>
  </ItemGroup>
</Project>