
Microsoft Visual Studio Solution File, Format Version 11.00
# Visual Studio 2010
Project("{FAE04EC0-301F-11D3-BF4B-00C04F79EFBC}") = "HiFreTradeUI", "HiFreTradeUI\HiFreTradeUI.csproj", "{43D2A1F6-4E57-44F1-91E1-999F735F1DF1}"
EndProject
Project("{8BC9CEB8-8B4A-11D0-8D11-00A0C91BC942}") = "ShFuGateway", "ShFuGateway\ShFuGateway.vcxproj", "{C2E8EC61-9AD2-448A-8C42-55D5C92E9E18}"
EndProject
Global
	GlobalSection(SolutionConfigurationPlatforms) = preSolution
		Debug|Mixed Platforms = Debug|Mixed Platforms
		Debug|Win32 = Debug|Win32
		Debug|x86 = Debug|x86
		Release|Mixed Platforms = Release|Mixed Platforms
		Release|Win32 = Release|Win32
		Release|x86 = Release|x86
	EndGlobalSection
	GlobalSection(ProjectConfigurationPlatforms) = postSolution
		{43D2A1F6-4E57-44F1-91E1-999F735F1DF1}.Debug|Mixed Platforms.ActiveCfg = Debug|x86
		{43D2A1F6-4E57-44F1-91E1-999F735F1DF1}.Debug|Mixed Platforms.Build.0 = Debug|x86
		{43D2A1F6-4E57-44F1-91E1-999F735F1DF1}.Debug|Win32.ActiveCfg = Debug|x86
		{43D2A1F6-4E57-44F1-91E1-999F735F1DF1}.Debug|x86.ActiveCfg = Debug|x86
		{43D2A1F6-4E57-44F1-91E1-999F735F1DF1}.Debug|x86.Build.0 = Debug|x86
		{43D2A1F6-4E57-44F1-91E1-999F735F1DF1}.Release|Mixed Platforms.ActiveCfg = Release|x86
		{43D2A1F6-4E57-44F1-91E1-999F735F1DF1}.Release|Mixed Platforms.Build.0 = Release|x86
		{43D2A1F6-4E57-44F1-91E1-999F735F1DF1}.Release|Win32.ActiveCfg = Release|x86
		{43D2A1F6-4E57-44F1-91E1-999F735F1DF1}.Release|x86.ActiveCfg = Release|x86
		{43D2A1F6-4E57-44F1-91E1-999F735F1DF1}.Release|x86.Build.0 = Release|x86
		{C2E8EC61-9AD2-448A-8C42-55D5C92E9E18}.Debug|Mixed Platforms.ActiveCfg = Debug|Win32
		{C2E8EC61-9AD2-448A-8C42-55D5C92E9E18}.Debug|Mixed Platforms.Build.0 = Debug|Win32
		{C2E8EC61-9AD2-448A-8C42-55D5C92E9E18}.Debug|Win32.ActiveCfg = Debug|Win32
		{C2E8EC61-9AD2-448A-8C42-55D5C92E9E18}.Debug|Win32.Build.0 = Debug|Win32
		{C2E8EC61-9AD2-448A-8C42-55D5C92E9E18}.Debug|x86.ActiveCfg = Debug|Win32
		{C2E8EC61-9AD2-448A-8C42-55D5C92E9E18}.Release|Mixed Platforms.ActiveCfg = Release|Win32
		{C2E8EC61-9AD2-448A-8C42-55D5C92E9E18}.Release|Mixed Platforms.Build.0 = Release|Win32
		{C2E8EC61-9AD2-448A-8C42-55D5C92E9E18}.Release|Win32.ActiveCfg = Release|Win32
		{C2E8EC61-9AD2-448A-8C42-55D5C92E9E18}.Release|Win32.Build.0 = Release|Win32
		{C2E8EC61-9AD2-448A-8C42-55D5C92E9E18}.Release|x86.ActiveCfg = Release|Win32
	EndGlobalSection
	GlobalSection(SolutionProperties) = preSolution
		HideSolutionNode = FALSE
	EndGlobalSection
EndGlobal
