<?xml version="1.0" encoding="utf-8"?>
<Project ToolsVersion="4.0" xmlns="http://schemas.microsoft.com/developer/msbuild/2003">
  <ItemGroup>
    <Filter Include="Source Files">
      <UniqueIdentifier>{4FC737F1-C7A5-4376-A066-2A32D752A2FF}</UniqueIdentifier>
      <Extensions>cpp;c;cc;cxx;def;odl;idl;hpj;bat;asm;asmx</Extensions>
    </Filter>
    <Filter Include="Header Files">
      <UniqueIdentifier>{93995380-89BD-4b04-88EB-625FBE52EBFB}</UniqueIdentifier>
      <Extensions>h;hpp;hxx;hm;inl;inc;xsd</Extensions>
    </Filter>
    <Filter Include="Resource Files">
      <UniqueIdentifier>{67DA6AB6-F800-4c08-8B7A-83BB121AAD01}</UniqueIdentifier>
      <Extensions>rc;ico;cur;bmp;dlg;rc2;rct;bin;rgs;gif;jpg;jpeg;jpe;resx;tiff;tif;png;wav;mfcribbon-ms</Extensions>
    </Filter>
    <Filter Include="Header Files\tcpsocket">
      <UniqueIdentifier>{a27d6f7e-b761-4111-bb10-16d0d0315b17}</UniqueIdentifier>
    </Filter>
    <Filter Include="Source Files\tcpsocket">
      <UniqueIdentifier>{2e83dadb-7357-4ec4-90a7-328b7c7a57be}</UniqueIdentifier>
    </Filter>
    <Filter Include="Header Files\protocol">
      <UniqueIdentifier>{b0bb36c0-b02e-44f3-82b8-c25822ab5d2d}</UniqueIdentifier>
    </Filter>
    <Filter Include="Source Files\protocol">
      <UniqueIdentifier>{6806ee4a-10ba-4d20-957a-1b95a988e19d}</UniqueIdentifier>
    </Filter>
    <Filter Include="Header Files\entity">
      <UniqueIdentifier>{94f96b71-fa61-4dca-a479-a30faf0da507}</UniqueIdentifier>
    </Filter>
    <Filter Include="Source Files\entity">
      <UniqueIdentifier>{7840724a-0539-4f93-910f-7f9d60dc7b92}</UniqueIdentifier>
    </Filter>
  </ItemGroup>
  <ItemGroup>
    <ClInclude Include="PTCommunication.h">
      <Filter>Header Files</Filter>
    </ClInclude>
    <ClInclude Include="Stdafx.h">
      <Filter>Header Files</Filter>
    </ClInclude>
    <ClInclude Include="resource.h">
      <Filter>Header Files</Filter>
    </ClInclude>
    <ClInclude Include="NatvieClient.h">
      <Filter>Header Files</Filter>
    </ClInclude>
    <ClInclude Include="tcpsocket\ScopedLock.h">
      <Filter>Header Files\tcpsocket</Filter>
    </ClInclude>
    <ClInclude Include="tcpsocket\ResponseHandler.h">
      <Filter>Header Files\tcpsocket</Filter>
    </ClInclude>
    <ClInclude Include="tcpsocket\TCPSocket.h">
      <Filter>Header Files\tcpsocket</Filter>
    </ClInclude>
    <ClInclude Include="tcpsocket\TCPSocketInclude.h">
      <Filter>Header Files\tcpsocket</Filter>
    </ClInclude>
    <ClInclude Include="tcpsocket\TCPSocketEvents.h">
      <Filter>Header Files\tcpsocket</Filter>
    </ClInclude>
    <ClInclude Include="tcpsocket\TCPSocketImpl.h">
      <Filter>Header Files\tcpsocket</Filter>
    </ClInclude>
    <ClInclude Include="..\PTStation\ClientProtocol.h">
      <Filter>Header Files\protocol</Filter>
    </ClInclude>
    <ClInclude Include="..\PTStation\ProtobufProtocol.h">
      <Filter>Header Files\protocol</Filter>
    </ClInclude>
    <ClInclude Include="..\PTStation\ProtobufPacket.h">
      <Filter>Header Files\protocol</Filter>
    </ClInclude>
    <ClInclude Include="..\PTStation\entity\enum.pb.h">
      <Filter>Header Files\entity</Filter>
    </ClInclude>
    <ClInclude Include="..\PTStation\entity\message.pb.h">
      <Filter>Header Files\entity</Filter>
    </ClInclude>
    <ClInclude Include="..\PTStation\entity\packet.pb.h">
      <Filter>Header Files\entity</Filter>
    </ClInclude>
    <ClInclude Include="..\PTStation\entity\quote.pb.h">
      <Filter>Header Files\entity</Filter>
    </ClInclude>
    <ClInclude Include="..\PTStation\entity\trade.pb.h">
      <Filter>Header Files\entity</Filter>
    </ClInclude>
    <ClInclude Include="..\PTStation\ProtocolIDs.h">
      <Filter>Header Files\protocol</Filter>
    </ClInclude>
    <ClInclude Include="ResponseHandlers.h">
      <Filter>Header Files</Filter>
    </ClInclude>
  </ItemGroup>
  <ItemGroup>
    <ClCompile Include="PTCommunication.cpp">
      <Filter>Source Files</Filter>
    </ClCompile>
    <ClCompile Include="AssemblyInfo.cpp">
      <Filter>Source Files</Filter>
    </ClCompile>
    <ClCompile Include="Stdafx.cpp">
      <Filter>Source Files</Filter>
    </ClCompile>
    <ClCompile Include="NatvieClient.cpp">
      <Filter>Source Files</Filter>
    </ClCompile>
    <ClCompile Include="tcpsocket\ResponseHandler.cpp">
      <Filter>Source Files\tcpsocket</Filter>
    </ClCompile>
    <ClCompile Include="tcpsocket\TCPSocket.cpp">
      <Filter>Source Files\tcpsocket</Filter>
    </ClCompile>
    <ClCompile Include="tcpsocket\TCPSocketImpl_Win.cpp">
      <Filter>Source Files\tcpsocket</Filter>
    </ClCompile>
    <ClCompile Include="..\PTStation\ClientProtocol.cpp">
      <Filter>Source Files\protocol</Filter>
    </ClCompile>
    <ClCompile Include="..\PTStation\ProtobufPacket.cpp">
      <Filter>Source Files\protocol</Filter>
    </ClCompile>
    <ClCompile Include="..\PTStation\ProtobufProtocol.cpp">
      <Filter>Source Files\protocol</Filter>
    </ClCompile>
    <ClCompile Include="..\PTStation\entity\enum.pb.cc">
      <Filter>Source Files\entity</Filter>
    </ClCompile>
    <ClCompile Include="..\PTStation\entity\message.pb.cc">
      <Filter>Source Files\entity</Filter>
    </ClCompile>
    <ClCompile Include="..\PTStation\entity\packet.pb.cc">
      <Filter>Source Files\entity</Filter>
    </ClCompile>
    <ClCompile Include="..\PTStation\entity\quote.pb.cc">
      <Filter>Source Files\entity</Filter>
    </ClCompile>
    <ClCompile Include="..\PTStation\entity\trade.pb.cc">
      <Filter>Source Files\entity</Filter>
    </ClCompile>
    <ClCompile Include="ResponseHandlers.cpp">
      <Filter>Source Files</Filter>
    </ClCompile>
  </ItemGroup>
  <ItemGroup>
    <None Include="ReadMe.txt" />
    <None Include="app.ico">
      <Filter>Resource Files</Filter>
    </None>
  </ItemGroup>
  <ItemGroup>
    <ResourceCompile Include="app.rc">
      <Filter>Resource Files</Filter>
    </ResourceCompile>
  </ItemGroup>
</Project>